{
  "name": "pixijs-game",
  "version": "1.0.0",
  "lockfileVersion": 1,
  "requires": true,
  "dependencies": {
    "@pixi/accessibility": {
      "version": "5.0.3",
      "resolved": "https://registry.npmjs.org/@pixi/accessibility/-/accessibility-5.0.3.tgz",
      "integrity": "sha512-p+rtV2/3Es8AwiU8871VzFbaUpbgzvVweEzi112NrtICLEfTSNdto+om1RzFeWPspq/yIBw0Po2cLw4JSnNtbQ==",
      "requires": {
        "@pixi/core": "^5.0.3",
        "@pixi/display": "^5.0.3",
        "@pixi/utils": "^5.0.3"
      }
    },
    "@pixi/app": {
      "version": "5.0.3",
      "resolved": "https://registry.npmjs.org/@pixi/app/-/app-5.0.3.tgz",
      "integrity": "sha512-R47IVVT/yXYLhQXD9KWs9JnFzLoXeS90TJBWY6rMnTVrRTKQmmBu4n/NbbNI6Xyqcc2p2sMMqszbyXEiuOQxgA==",
      "requires": {
        "@pixi/core": "^5.0.3",
        "@pixi/display": "^5.0.3"
      }
    },
    "@pixi/constants": {
      "version": "5.0.3",
      "resolved": "https://registry.npmjs.org/@pixi/constants/-/constants-5.0.3.tgz",
      "integrity": "sha512-F+FZXpdeaBZ0dEGkhI9WXdKcAdx7VzcWlGZi2VeY/UxEk9xoici/PqNvanG6fDR4y9xI1x/AkUezCj6Ly/3+5w=="
    },
    "@pixi/core": {
      "version": "5.0.3",
      "resolved": "https://registry.npmjs.org/@pixi/core/-/core-5.0.3.tgz",
      "integrity": "sha512-WLqj980hQdZIl6k/CwgevDIyr07px7I18yHKE+N2mnvG38W41PV8pe6p+IkBd8CKKLXMgvPVh+fDZt7k+8Ur2A==",
      "requires": {
        "@pixi/constants": "^5.0.3",
        "@pixi/display": "^5.0.3",
        "@pixi/math": "^5.0.3",
        "@pixi/runner": "^5.0.3",
        "@pixi/settings": "^5.0.3",
        "@pixi/ticker": "^5.0.3",
        "@pixi/utils": "^5.0.3"
      }
    },
    "@pixi/display": {
      "version": "5.0.3",
      "resolved": "https://registry.npmjs.org/@pixi/display/-/display-5.0.3.tgz",
      "integrity": "sha512-psXN9piIPTGHKwXXaiDYpqsttwWRiZSbB8d/rnhPUrD85atlh3d1pSKVU+wu+EXGr7xq1QUjKRZyzCcSb8iy3w==",
      "requires": {
        "@pixi/math": "^5.0.3",
        "@pixi/settings": "^5.0.3",
        "@pixi/utils": "^5.0.3"
      }
    },
    "@pixi/extract": {
      "version": "5.0.3",
      "resolved": "https://registry.npmjs.org/@pixi/extract/-/extract-5.0.3.tgz",
      "integrity": "sha512-hKWZL+R2XLFUkBwsmDlBl0In017q/5LKrVmA9hBPkAFu+q1DP3zHK5Di749aT78ENCv+1kM2CHE6s3D6fdz6CA==",
      "requires": {
        "@pixi/core": "^5.0.3",
        "@pixi/math": "^5.0.3",
        "@pixi/utils": "^5.0.3"
      }
    },
    "@pixi/filter-alpha": {
      "version": "5.0.3",
      "resolved": "https://registry.npmjs.org/@pixi/filter-alpha/-/filter-alpha-5.0.3.tgz",
      "integrity": "sha512-LL421HVCaAGMzle0PkrqMWeGQnZ40nEwG0egodsmgd988/G3X2dUcm4slH1DtlOU4bJoMh2zFp8sGiVr0dMz4w==",
      "requires": {
        "@pixi/core": "^5.0.3"
      }
    },
    "@pixi/filter-blur": {
      "version": "5.0.3",
      "resolved": "https://registry.npmjs.org/@pixi/filter-blur/-/filter-blur-5.0.3.tgz",
      "integrity": "sha512-tcrInSG+ah1RvoaE2mZ3bx/i589mNPkX6+y5TsyCIFoECA1np+vHtgRHWgCp5071tX54gg9omjWq4P1oyzFdgQ==",
      "requires": {
        "@pixi/core": "^5.0.3",
        "@pixi/settings": "^5.0.3"
      }
    },
    "@pixi/filter-color-matrix": {
      "version": "5.0.3",
      "resolved": "https://registry.npmjs.org/@pixi/filter-color-matrix/-/filter-color-matrix-5.0.3.tgz",
      "integrity": "sha512-8os6Iq7f/SKfqNyWyX5zVqIbOl8h7Zni4KhbWjL9IoFOi01W3vp1Y3VUCmSer1cBbWF9ziknjYiTbA/Ujb1g8g==",
      "requires": {
        "@pixi/core": "^5.0.3"
      }
    },
    "@pixi/filter-displacement": {
      "version": "5.0.3",
      "resolved": "https://registry.npmjs.org/@pixi/filter-displacement/-/filter-displacement-5.0.3.tgz",
      "integrity": "sha512-NoXFRbV62UloRnBHbSgQVKaiKCkjB30cOpbWZ0sNxFWbRfRYuy48WgxXbSV6kF7y4ut1NSQLXLHDhfUKPMgt7w==",
      "requires": {
        "@pixi/core": "^5.0.3",
        "@pixi/math": "^5.0.3"
      }
    },
    "@pixi/filter-fxaa": {
      "version": "5.0.3",
      "resolved": "https://registry.npmjs.org/@pixi/filter-fxaa/-/filter-fxaa-5.0.3.tgz",
      "integrity": "sha512-WT+UD83NcH4dlIqmuiZPbfQu8GZf5nQLx/DvcPVF0J2GOd2a67t7KB7W98twppDRtPv3RpcffqnI3iNUqr6Rvg==",
      "requires": {
        "@pixi/core": "^5.0.3"
      }
    },
    "@pixi/filter-noise": {
      "version": "5.0.3",
      "resolved": "https://registry.npmjs.org/@pixi/filter-noise/-/filter-noise-5.0.3.tgz",
      "integrity": "sha512-Qdjr7J92IphIckZSsAjdg/xTkF3cDmvGGJEXLj5mXi7+ejr0Y/gME8mQWFiQjyA6VPygZjiUmH2Gi5sRQ9vy1w==",
      "requires": {
        "@pixi/core": "^5.0.3"
      }
    },
    "@pixi/graphics": {
      "version": "5.0.3",
      "resolved": "https://registry.npmjs.org/@pixi/graphics/-/graphics-5.0.3.tgz",
      "integrity": "sha512-roml8+dlMLOQlBfXp03jVjVkvkiK3O1m/u57qTFMFXq1wcI9xD3d4vUAUjSx3F76DTWFD8/C3RkP7oH6w5VXRw==",
      "requires": {
        "@pixi/constants": "^5.0.3",
        "@pixi/core": "^5.0.3",
        "@pixi/display": "^5.0.3",
        "@pixi/math": "^5.0.3",
        "@pixi/sprite": "^5.0.3",
        "@pixi/utils": "^5.0.3"
      }
    },
    "@pixi/interaction": {
      "version": "5.0.3",
      "resolved": "https://registry.npmjs.org/@pixi/interaction/-/interaction-5.0.3.tgz",
      "integrity": "sha512-qgEOG5aCYFSLzueikxrpmMrvrS5dFbtqJuyye84HjAD1wAWQ9iwdJGWxqqPX/hzi7+ckIFcnCcJF8AccKfEpUQ==",
      "requires": {
        "@pixi/core": "^5.0.3",
        "@pixi/display": "^5.0.3",
        "@pixi/math": "^5.0.3",
        "@pixi/ticker": "^5.0.3",
        "@pixi/utils": "^5.0.3"
      }
    },
    "@pixi/loaders": {
      "version": "5.0.3",
      "resolved": "https://registry.npmjs.org/@pixi/loaders/-/loaders-5.0.3.tgz",
      "integrity": "sha512-Tn/kNrFhkSaWNOwrbRS8gZeungMvyz9DdOiENcJUJXz9kvNND1BJB9A+E14fO/spqqDtX/qbqhaUKMOcTFvn+A==",
      "requires": {
        "@pixi/core": "^5.0.3",
        "@pixi/utils": "^5.0.3",
        "resource-loader": "^2.2.4"
      }
    },
    "@pixi/math": {
      "version": "5.0.3",
      "resolved": "https://registry.npmjs.org/@pixi/math/-/math-5.0.3.tgz",
      "integrity": "sha512-Onxhukb644p2+HvWhs9ZIjdGP6IzYeQi5/HhTWgpfl1vFW5gAfwwaz5hBYbJYtU1XCOHr4oEvR2oAnKydXyn9w=="
    },
    "@pixi/mesh": {
      "version": "5.0.3",
      "resolved": "https://registry.npmjs.org/@pixi/mesh/-/mesh-5.0.3.tgz",
      "integrity": "sha512-9N05Afe3UI0AzxdRHc0ESGymDC6WCqDm8gKHDMKzItcNHS+iYXnEK/xgvctNJyDz20ZfHrDeAk4cLyY5QN2B5g==",
      "requires": {
        "@pixi/constants": "^5.0.3",
        "@pixi/core": "^5.0.3",
        "@pixi/display": "^5.0.3",
        "@pixi/math": "^5.0.3",
        "@pixi/settings": "^5.0.3",
        "@pixi/utils": "^5.0.3"
      }
    },
    "@pixi/mesh-extras": {
      "version": "5.0.3",
      "resolved": "https://registry.npmjs.org/@pixi/mesh-extras/-/mesh-extras-5.0.3.tgz",
      "integrity": "sha512-P7FJWhs5oLNJgAjuscqeB0bv8CD1ydsCaCeS02Nv2NO06Xp/nyD4N28d44RtK1zWnujgM26t4VMd9mTnbP0G7w==",
      "requires": {
        "@pixi/constants": "^5.0.3",
        "@pixi/core": "^5.0.3",
        "@pixi/math": "^5.0.3",
        "@pixi/mesh": "^5.0.3",
        "@pixi/utils": "^5.0.3"
      }
    },
    "@pixi/mixin-cache-as-bitmap": {
      "version": "5.0.3",
      "resolved": "https://registry.npmjs.org/@pixi/mixin-cache-as-bitmap/-/mixin-cache-as-bitmap-5.0.3.tgz",
      "integrity": "sha512-TCAtJGcNGwh65G+oAwnuEH/nklPwjaPUCkyCbGVNxEGV5BmSURb0GVTgJP+nFKcylxrTnQgFDBTdNqLvL5S4MA==",
      "requires": {
        "@pixi/core": "^5.0.3",
        "@pixi/display": "^5.0.3",
        "@pixi/math": "^5.0.3",
        "@pixi/settings": "^5.0.3",
        "@pixi/sprite": "^5.0.3",
        "@pixi/utils": "^5.0.3"
      }
    },
    "@pixi/mixin-get-child-by-name": {
      "version": "5.0.3",
      "resolved": "https://registry.npmjs.org/@pixi/mixin-get-child-by-name/-/mixin-get-child-by-name-5.0.3.tgz",
      "integrity": "sha512-vogFVOnsAEuoii5k1ryzX4eV1gkMT7hkY8IhFUZzjALeQNXq9OOsUAiyEjSbbH6Ku/XVon8syBKMlc4o5/rqwQ==",
      "requires": {
        "@pixi/display": "^5.0.3"
      }
    },
    "@pixi/mixin-get-global-position": {
      "version": "5.0.3",
      "resolved": "https://registry.npmjs.org/@pixi/mixin-get-global-position/-/mixin-get-global-position-5.0.3.tgz",
      "integrity": "sha512-TsiU1BOkBS1G8jPdx0+ZE+HDkYyYCe42F9RT+UW7WBNbJs3ybUFAvkwicLSZrTj0CDzmRC++JswaDp0tsfLk1w==",
      "requires": {
        "@pixi/display": "^5.0.3",
        "@pixi/math": "^5.0.3"
      }
    },
    "@pixi/particles": {
      "version": "5.0.3",
      "resolved": "https://registry.npmjs.org/@pixi/particles/-/particles-5.0.3.tgz",
      "integrity": "sha512-AeHsVl73hGVbKYDvcNCmT3VhRthGF0Iqgm0SSwJLXt2Ty4aJENV3rs9pw/YvL0bWOxZPAJrFlMqAKb1eWbL3Mg==",
      "requires": {
        "@pixi/constants": "^5.0.3",
        "@pixi/core": "^5.0.3",
        "@pixi/display": "^5.0.3",
        "@pixi/math": "^5.0.3",
        "@pixi/utils": "^5.0.3"
      }
    },
    "@pixi/polyfill": {
      "version": "5.0.3",
      "resolved": "https://registry.npmjs.org/@pixi/polyfill/-/polyfill-5.0.3.tgz",
      "integrity": "sha512-8aE0MqPqKGRboLeU83OxdSzWqUj0gi5e2Yh/97Cxch7R6PdK25lLTlWJz0sFQdOukOvqN3qEK+UcnNpf0bCUeA==",
      "requires": {
        "es6-promise-polyfill": "^1.2.0",
        "object-assign": "^4.1.1"
      }
    },
    "@pixi/prepare": {
      "version": "5.0.3",
      "resolved": "https://registry.npmjs.org/@pixi/prepare/-/prepare-5.0.3.tgz",
      "integrity": "sha512-0qdDzERLcwKybFgB/j3znrMegpq3mGIdOGWg2H8ZlIgGTmfA2e/s3cHmYRjv9weB2oG4aL9BZyZGdB8WRps8yA==",
      "requires": {
        "@pixi/core": "^5.0.3",
        "@pixi/display": "^5.0.3",
        "@pixi/graphics": "^5.0.3",
        "@pixi/settings": "^5.0.3",
        "@pixi/text": "^5.0.3",
        "@pixi/ticker": "^5.0.3"
      }
    },
    "@pixi/runner": {
      "version": "5.0.3",
      "resolved": "https://registry.npmjs.org/@pixi/runner/-/runner-5.0.3.tgz",
      "integrity": "sha512-0kYAeGNdvHIaNl2/nI4gzLztzvxiW+P2xvoKWs5z2akeFDJXqvlKPQFss8n2wneRB4jROR1Tc1wH2uP+ioZw+w=="
    },
    "@pixi/settings": {
      "version": "5.0.3",
      "resolved": "https://registry.npmjs.org/@pixi/settings/-/settings-5.0.3.tgz",
      "integrity": "sha512-QnxviKKXIhNFsCnnFpA699DeN3H4aF6rrlEfdzkiN4dgdif6ae39x0dGKYbXgnhlnaNIQifvL0EZdCCYCGDJWQ==",
      "requires": {
        "ismobilejs": "^0.5.1"
      }
    },
    "@pixi/sprite": {
      "version": "5.0.3",
      "resolved": "https://registry.npmjs.org/@pixi/sprite/-/sprite-5.0.3.tgz",
      "integrity": "sha512-mtJOZwryRJotTMRExeowS3O8tAOO9Ep7e2j8PXyKc4HfJeqBF6+NQjd0YxxRFsmwsLFi1QBWsovhnngEOrwY2w==",
      "requires": {
        "@pixi/constants": "^5.0.3",
        "@pixi/core": "^5.0.3",
        "@pixi/display": "^5.0.3",
        "@pixi/math": "^5.0.3",
        "@pixi/settings": "^5.0.3",
        "@pixi/utils": "^5.0.3"
      }
    },
    "@pixi/sprite-animated": {
      "version": "5.0.3",
      "resolved": "https://registry.npmjs.org/@pixi/sprite-animated/-/sprite-animated-5.0.3.tgz",
      "integrity": "sha512-68GZv3u/Z98KoIq9qSLvWKT41fGZxruvsdyRFQ5JxRaPDRyxAiCax5bcFgQwPapj3+4omteSNp1aCpukm2KnTw==",
      "requires": {
        "@pixi/core": "^5.0.3",
        "@pixi/sprite": "^5.0.3",
        "@pixi/ticker": "^5.0.3"
      }
    },
    "@pixi/sprite-tiling": {
      "version": "5.0.3",
      "resolved": "https://registry.npmjs.org/@pixi/sprite-tiling/-/sprite-tiling-5.0.3.tgz",
      "integrity": "sha512-sm7JtMvt/fqu5Lliu+SB2JhZOoGGmiAgnHPbIN8CUDurE1TwYNotUu4JiXX88zKP57NO+QicJfcaJYBuFl68nw==",
      "requires": {
        "@pixi/constants": "^5.0.3",
        "@pixi/core": "^5.0.3",
        "@pixi/display": "^5.0.3",
        "@pixi/math": "^5.0.3",
        "@pixi/sprite": "^5.0.3",
        "@pixi/utils": "^5.0.3"
      }
    },
    "@pixi/spritesheet": {
      "version": "5.0.3",
      "resolved": "https://registry.npmjs.org/@pixi/spritesheet/-/spritesheet-5.0.3.tgz",
      "integrity": "sha512-HlQnYFkCFPFDIvH911uf4JgtVYIIRQupdDrSI2O7hpGI2fUhh9/qX10GWfknLVjaCO4si8FPd7x32xYfQhapZQ==",
      "requires": {
        "@pixi/core": "^5.0.3",
        "@pixi/loaders": "^5.0.3",
        "@pixi/math": "^5.0.3",
        "@pixi/utils": "^5.0.3"
      }
    },
    "@pixi/text": {
      "version": "5.0.3",
      "resolved": "https://registry.npmjs.org/@pixi/text/-/text-5.0.3.tgz",
      "integrity": "sha512-1YnfN//vEUXe6dqepzx9WZ69yGxm4Salm1yWX3X/qQHgKlTLEXdOU6QILeQ/O8eef2LparWrR4OhYCJoOQSQXg==",
      "requires": {
        "@pixi/core": "^5.0.3",
        "@pixi/math": "^5.0.3",
        "@pixi/settings": "^5.0.3",
        "@pixi/sprite": "^5.0.3",
        "@pixi/utils": "^5.0.3"
      }
    },
    "@pixi/text-bitmap": {
      "version": "5.0.3",
      "resolved": "https://registry.npmjs.org/@pixi/text-bitmap/-/text-bitmap-5.0.3.tgz",
      "integrity": "sha512-Q5J7udhAc/PokndIJCqz33tRfubLKoVZcxRa40bNyOjXM3JHkBQwgisH87kVe+nyXFoA/NTuC4pvllgJ3eEHBA==",
      "requires": {
        "@pixi/core": "^5.0.3",
        "@pixi/display": "^5.0.3",
        "@pixi/loaders": "^5.0.3",
        "@pixi/math": "^5.0.3",
        "@pixi/settings": "^5.0.3",
        "@pixi/sprite": "^5.0.3",
        "@pixi/utils": "^5.0.3"
      }
    },
    "@pixi/ticker": {
      "version": "5.0.3",
      "resolved": "https://registry.npmjs.org/@pixi/ticker/-/ticker-5.0.3.tgz",
      "integrity": "sha512-MncQao8Sy2c5U/j+pDXVkm8Rig5AfGFKxR7tR6Pe1dTvzcfJrCMTSfzM5V2r6OtKhRyfJiEYbadZmHOM1VkKLw==",
      "requires": {
        "@pixi/settings": "^5.0.3"
      }
    },
    "@pixi/utils": {
      "version": "5.0.3",
      "resolved": "https://registry.npmjs.org/@pixi/utils/-/utils-5.0.3.tgz",
      "integrity": "sha512-A5qbBhze/v5IiBotMjw9fY8Pj0Akvq46UN6JcqKBEZ4l0bYNOcIcYMm4fRDijX7TK/2fwCIi0aYOgZHsa7ZK4A==",
      "requires": {
        "@pixi/constants": "^5.0.3",
        "@pixi/settings": "^5.0.3",
        "earcut": "^2.1.5",
        "eventemitter3": "^3.1.0",
        "url": "^0.11.0"
      }
    },
    "async": {
      "version": "0.9.0",
      "resolved": "https://registry.npmjs.org/async/-/async-0.9.0.tgz",
      "integrity": "sha1-rDYTsdqb7RtHUQu0ZRuJMeRxRsc=",
      "dev": true
    },
    "colors": {
      "version": "1.0.3",
      "resolved": "https://registry.npmjs.org/colors/-/colors-1.0.3.tgz",
      "integrity": "sha1-BDP0TYCWgP3rYO0mDxsMJi6CpAs=",
      "dev": true
    },
    "corser": {
      "version": "2.0.1",
      "resolved": "https://registry.npmjs.org/corser/-/corser-2.0.1.tgz",
      "integrity": "sha1-jtolLsqrWEDc2XXOuQ2TcMgZ/4c=",
      "dev": true
    },
    "debug": {
      "version": "3.2.6",
      "resolved": "https://registry.npmjs.org/debug/-/debug-3.2.6.tgz",
      "integrity": "sha512-mel+jf7nrtEl5Pn1Qx46zARXKDpBbvzezse7p7LqINmdoIk8PYP5SySaxEmYv6TZ0JyEKA1hsCId6DIhgITtWQ==",
      "dev": true,
      "requires": {
        "ms": "^2.1.1"
      }
    },
    "earcut": {
      "version": "2.1.5",
      "resolved": "https://registry.npmjs.org/earcut/-/earcut-2.1.5.tgz",
      "integrity": "sha512-QFWC7ywTVLtvRAJTVp8ugsuuGQ5mVqNmJ1cRYeLrSHgP3nycr2RHTJob9OtM0v8ujuoKN0NY1a93J/omeTL1PA=="
    },
    "ecstatic": {
      "version": "2.2.2",
      "resolved": "https://registry.npmjs.org/ecstatic/-/ecstatic-2.2.2.tgz",
      "integrity": "sha512-F1g29y3I+abOS+M0AiK2O9R96AJ49Bc3kH696HtqnN+CL3YhpUnSzHNoUBQL03qDsN9Lr1XeKIxTqEH3BtiBgg==",
      "dev": true,
      "requires": {
        "he": "^1.1.1",
        "mime": "^1.2.11",
        "minimist": "^1.1.0",
        "url-join": "^2.0.2"
      }
    },
    "es6-promise-polyfill": {
      "version": "1.2.0",
      "resolved": "https://registry.npmjs.org/es6-promise-polyfill/-/es6-promise-polyfill-1.2.0.tgz",
      "integrity": "sha1-84kl8jyz4+jObNqP93T867sJDN4="
    },
    "eventemitter3": {
      "version": "3.1.2",
      "resolved": "https://registry.npmjs.org/eventemitter3/-/eventemitter3-3.1.2.tgz",
      "integrity": "sha512-tvtQIeLVHjDkJYnzf2dgVMxfuSGJeM/7UCG17TT4EumTfNtF+0nebF/4zWOIkCreAbtNqhGEboB6BWrwqNaw4Q=="
    },
    "follow-redirects": {
      "version": "1.7.0",
      "resolved": "https://registry.npmjs.org/follow-redirects/-/follow-redirects-1.7.0.tgz",
      "integrity": "sha512-m/pZQy4Gj287eNy94nivy5wchN3Kp+Q5WgUPNy5lJSZ3sgkVKSYV/ZChMAQVIgx1SqfZ2zBZtPA2YlXIWxxJOQ==",
      "dev": true,
      "requires": {
        "debug": "^3.2.6"
      }
    },
    "he": {
      "version": "1.2.0",
      "resolved": "https://registry.npmjs.org/he/-/he-1.2.0.tgz",
      "integrity": "sha512-F/1DnUGPopORZi0ni+CvrCgHQ5FyEAHRLSApuYWMmrbSwoN2Mn/7k+Gl38gJnR7yyDZk6WLXwiGod1JOWNDKGw==",
      "dev": true
    },
    "http-proxy": {
      "version": "1.17.0",
      "resolved": "https://registry.npmjs.org/http-proxy/-/http-proxy-1.17.0.tgz",
      "integrity": "sha512-Taqn+3nNvYRfJ3bGvKfBSRwy1v6eePlm3oc/aWVxZp57DQr5Eq3xhKJi7Z4hZpS8PC3H4qI+Yly5EmFacGuA/g==",
      "dev": true,
      "requires": {
        "eventemitter3": "^3.0.0",
        "follow-redirects": "^1.0.0",
        "requires-port": "^1.0.0"
      }
    },
    "http-serve": {
      "version": "1.0.1",
      "resolved": "https://registry.npmjs.org/http-serve/-/http-serve-1.0.1.tgz",
      "integrity": "sha1-u4JL+P7SCS6RlYN7C/eztvo8ovg=",
      "dev": true,
      "requires": {
        "colors": "1.0.3",
        "corser": "~2.0.0",
        "ecstatic": "^2.0.0",
        "http-proxy": "^1.8.1",
        "opener": "~1.4.0",
        "optimist": "0.6.x",
        "portfinder": "0.4.x",
        "union": "~0.4.3"
      }
    },
    "ismobilejs": {
      "version": "0.5.2",
      "resolved": "https://registry.npmjs.org/ismobilejs/-/ismobilejs-0.5.2.tgz",
      "integrity": "sha512-ta9UdV60xVZk/ZafFtSFslQaE76SvNkcs1r73d2PVR21zVzx9xuYv9tNe4MxA1NN7WoeCc2RjGot3Bz1eHDx3Q=="
    },
    "mime": {
      "version": "1.6.0",
      "resolved": "https://registry.npmjs.org/mime/-/mime-1.6.0.tgz",
      "integrity": "sha512-x0Vn8spI+wuJ1O6S7gnbaQg8Pxh4NNHb7KSINmEWKiPE4RKOplvijn+NkmYmmRgP68mc70j2EbeTFRsrswaQeg==",
      "dev": true
    },
    "mini-signals": {
      "version": "1.2.0",
      "resolved": "https://registry.npmjs.org/mini-signals/-/mini-signals-1.2.0.tgz",
      "integrity": "sha1-RbCAE8X65RokqhqTXNMXye1yHXQ="
    },
    "minimist": {
      "version": "1.2.0",
      "resolved": "https://registry.npmjs.org/minimist/-/minimist-1.2.0.tgz",
      "integrity": "sha1-o1AIsg9BOD7sH7kU9M1d95omQoQ=",
      "dev": true
    },
    "mkdirp": {
      "version": "0.5.1",
      "resolved": "https://registry.npmjs.org/mkdirp/-/mkdirp-0.5.1.tgz",
      "integrity": "sha1-MAV0OOrGz3+MR2fzhkjWaX11yQM=",
      "dev": true,
      "requires": {
        "minimist": "0.0.8"
      },
      "dependencies": {
        "minimist": {
          "version": "0.0.8",
          "resolved": "https://registry.npmjs.org/minimist/-/minimist-0.0.8.tgz",
          "integrity": "sha1-hX/Kv8M5fSYluCKCYuhqp6ARsF0=",
          "dev": true
        }
      }
    },
    "ms": {
      "version": "2.1.1",
      "resolved": "https://registry.npmjs.org/ms/-/ms-2.1.1.tgz",
      "integrity": "sha512-tgp+dl5cGk28utYktBsrFqA7HKgrhgPsg6Z/EfhWI4gl1Hwq8B/GmY/0oXZ6nF8hDVesS/FpnYaD/kOWhYQvyg==",
      "dev": true
    },
    "object-assign": {
      "version": "4.1.1",
      "resolved": "https://registry.npmjs.org/object-assign/-/object-assign-4.1.1.tgz",
      "integrity": "sha1-IQmtx5ZYh8/AXLvUQsrIv7s2CGM="
    },
    "opener": {
      "version": "1.4.3",
      "resolved": "https://registry.npmjs.org/opener/-/opener-1.4.3.tgz",
      "integrity": "sha1-XG2ixdflgx6P+jlklQ+NZnSskLg=",
      "dev": true
    },
    "optimist": {
      "version": "0.6.1",
      "resolved": "https://registry.npmjs.org/optimist/-/optimist-0.6.1.tgz",
      "integrity": "sha1-2j6nRob6IaGaERwybpDrFaAZZoY=",
      "dev": true,
      "requires": {
        "minimist": "~0.0.1",
        "wordwrap": "~0.0.2"
      },
      "dependencies": {
        "minimist": {
          "version": "0.0.10",
          "resolved": "https://registry.npmjs.org/minimist/-/minimist-0.0.10.tgz",
          "integrity": "sha1-3j+YVD2/lggr5IrRoMfNqDYwHc8=",
          "dev": true
        }
      }
    },
    "parse-uri": {
      "version": "1.0.0",
      "resolved": "https://registry.npmjs.org/parse-uri/-/parse-uri-1.0.0.tgz",
      "integrity": "sha1-KHLcwi8aeXrN4Vg9igrClVLdrCA="
    },
    "pixi.js": {
      "version": "5.0.3",
      "resolved": "https://registry.npmjs.org/pixi.js/-/pixi.js-5.0.3.tgz",
      "integrity": "sha512-Gg3nB2MVF0kqh32DURBrwpNX0RqZfObS9RRmG0Aogj14pR7faV0eAk4zWdfv8boEf2LJfR7C1SiY+SanLiNVPw==",
      "requires": {
        "@pixi/accessibility": "^5.0.3",
        "@pixi/app": "^5.0.3",
        "@pixi/constants": "^5.0.3",
        "@pixi/core": "^5.0.3",
        "@pixi/display": "^5.0.3",
        "@pixi/extract": "^5.0.3",
        "@pixi/filter-alpha": "^5.0.3",
        "@pixi/filter-blur": "^5.0.3",
        "@pixi/filter-color-matrix": "^5.0.3",
        "@pixi/filter-displacement": "^5.0.3",
        "@pixi/filter-fxaa": "^5.0.3",
        "@pixi/filter-noise": "^5.0.3",
        "@pixi/graphics": "^5.0.3",
        "@pixi/interaction": "^5.0.3",
        "@pixi/loaders": "^5.0.3",
        "@pixi/math": "^5.0.3",
        "@pixi/mesh": "^5.0.3",
        "@pixi/mesh-extras": "^5.0.3",
        "@pixi/mixin-cache-as-bitmap": "^5.0.3",
        "@pixi/mixin-get-child-by-name": "^5.0.3",
        "@pixi/mixin-get-global-position": "^5.0.3",
        "@pixi/particles": "^5.0.3",
        "@pixi/polyfill": "^5.0.3",
        "@pixi/prepare": "^5.0.3",
        "@pixi/runner": "^5.0.3",
        "@pixi/settings": "^5.0.3",
        "@pixi/sprite": "^5.0.3",
        "@pixi/sprite-animated": "^5.0.3",
        "@pixi/sprite-tiling": "^5.0.3",
        "@pixi/spritesheet": "^5.0.3",
        "@pixi/text": "^5.0.3",
        "@pixi/text-bitmap": "^5.0.3",
        "@pixi/ticker": "^5.0.3",
        "@pixi/utils": "^5.0.3"
      }
    },
    "portfinder": {
      "version": "0.4.0",
      "resolved": "https://registry.npmjs.org/portfinder/-/portfinder-0.4.0.tgz",
      "integrity": "sha1-o/+t/6/k+5jgYBqF7aJ8J86Eyh4=",
      "dev": true,
      "requires": {
        "async": "0.9.0",
        "mkdirp": "0.5.x"
      }
    },
    "punycode": {
      "version": "1.3.2",
      "resolved": "https://registry.npmjs.org/punycode/-/punycode-1.3.2.tgz",
      "integrity": "sha1-llOgNvt8HuQjQvIyXM7v6jkmxI0="
    },
    "qs": {
      "version": "2.3.3",
      "resolved": "https://registry.npmjs.org/qs/-/qs-2.3.3.tgz",
      "integrity": "sha1-6eha2+ddoLvkyOBHaghikPhjtAQ=",
      "dev": true
    },
    "querystring": {
      "version": "0.2.0",
      "resolved": "https://registry.npmjs.org/querystring/-/querystring-0.2.0.tgz",
      "integrity": "sha1-sgmEkgO7Jd+CDadW50cAWHhSFiA="
    },
    "requires-port": {
      "version": "1.0.0",
      "resolved": "https://registry.npmjs.org/requires-port/-/requires-port-1.0.0.tgz",
      "integrity": "sha1-kl0mAdOaxIXgkc8NpcbmlNw9yv8=",
      "dev": true
    },
    "resource-loader": {
      "version": "2.2.4",
      "resolved": "https://registry.npmjs.org/resource-loader/-/resource-loader-2.2.4.tgz",
      "integrity": "sha512-MrY0bEJN26us3h4bzJUSP0n4tFEb79lCpYBavtLjSezWCcXZMgxhSgvC9LxueuqpcxG+qPjhwFu5SQAcUNacdA==",
      "requires": {
        "mini-signals": "^1.1.1",
        "parse-uri": "^1.0.0"
      }
    },
    "union": {
      "version": "0.4.6",
      "resolved": "https://registry.npmjs.org/union/-/union-0.4.6.tgz",
      "integrity": "sha1-GY+9rrolTniLDvy2MLwR8kopWeA=",
      "dev": true,
      "requires": {
        "qs": "~2.3.3"
      }
    },
    "url": {
      "version": "0.11.0",
      "resolved": "https://registry.npmjs.org/url/-/url-0.11.0.tgz",
      "integrity": "sha1-ODjpfPxgUh63PFJajlW/3Z4uKPE=",
      "requires": {
        "punycode": "1.3.2",
        "querystring": "0.2.0"
      }
    },
    "url-join": {
      "version": "2.0.5",
      "resolved": "https://registry.npmjs.org/url-join/-/url-join-2.0.5.tgz",
      "integrity": "sha1-WvIvGMBSoACkjXuCxenC4v7tpyg=",
      "dev": true
    },
    "wordwrap": {
      "version": "0.0.3",
      "resolved": "https://registry.npmjs.org/wordwrap/-/wordwrap-0.0.3.tgz",
      "integrity": "sha1-o9XabNXAvAAI03I0u68b7WMFkQc=",
      "dev": true
    }
  }
}
